
Microsoft Visual Studio Solution File, Format Version 12.00
# Visual Studio Version 16
VisualStudioVersion = 16.0.29609.76
MinimumVisualStudioVersion = 10.0.40219.1
Project("{FAE04EC0-301F-11D3-BF4B-00C04F79EFBC}") = "DataAccess", "DataAccess\DataAccess.csproj", "{2C7237C3-9D9C-4AF5-A062-C2BC9B2474A3}"
EndProject
Project("{FAE04EC0-301F-11D3-BF4B-00C04F79EFBC}") = "Client", "Client\Client.csproj", "{4A5E4B90-AEA3-4A19-8B1C-346850411AA7}"
EndProject
Global
	GlobalSection(SolutionConfigurationPlatforms) = preSolution
		Debug|Any CPU = Debug|Any CPU
		Release|Any CPU = Release|Any CPU
	EndGlobalSection
	GlobalSection(ProjectConfigurationPlatforms) = postSolution
		{2C7237C3-9D9C-4AF5-A062-C2BC9B2474A3}.Debug|Any CPU.ActiveCfg = Debug|Any CPU
		{2C7237C3-9D9C-4AF5-A062-C2BC9B2474A3}.Debug|Any CPU.Build.0 = Debug|Any CPU
		{2C7237C3-9D9C-4AF5-A062-C2BC9B2474A3}.Release|Any CPU.ActiveCfg = Release|Any CPU
		{2C7237C3-9D9C-4AF5-A062-C2BC9B2474A3}.Release|Any CPU.Build.0 = Release|Any CPU
		{4A5E4B90-AEA3-4A19-8B1C-346850411AA7}.Debug|Any CPU.ActiveCfg = Debug|Any CPU
		{4A5E4B90-AEA3-4A19-8B1C-346850411AA7}.Debug|Any CPU.Build.0 = Debug|Any CPU
		{4A5E4B90-AEA3-4A19-8B1C-346850411AA7}.Release|Any CPU.ActiveCfg = Release|Any CPU
		{4A5E4B90-AEA3-4A19-8B1C-346850411AA7}.Release|Any CPU.Build.0 = Release|Any CPU
	EndGlobalSection
	GlobalSection(SolutionProperties) = preSolution
		HideSolutionNode = FALSE
	EndGlobalSection
	GlobalSection(ExtensibilityGlobals) = postSolution
		SolutionGuid = {1CDF9B21-E0BF-43FD-B71B-4C3061BE17CB}
	EndGlobalSection
EndGlobal
